
Microsoft Visual Studio Solution File, Format Version 12.00
# Visual Studio 15
VisualStudioVersion = 15.0.28010.2036
MinimumVisualStudioVersion = 10.0.40219.1
Project("{9A19103F-16F7-4668-BE54-9A1E7A4F7556}") = "Chapter1", "Chapter1\Chapter1.csproj", "{685F6E94-E238-4594-814A-CCC693FE2B61}"
EndProject
Project("{9A19103F-16F7-4668-BE54-9A1E7A4F7556}") = "Chapter2", "Chapter2\Chapter2.csproj", "{540859C6-6351-4C2E-A037-4049041A8964}"
EndProject
Project("{2150E333-8FDC-42A3-9474-1A3956D46DE8}") = "ConsoleApp", "ConsoleApp", "{5C5083F9-18EC-48D8-AE75-7581D3BDA96B}"
	ProjectSection(SolutionItems) = preProject
		ConsoleApp\More info.txt = ConsoleApp\More info.txt
	EndProjectSection
EndProject
Project("{FAE04EC0-301F-11D3-BF4B-00C04F79EFBC}") = "ConsoleApp", "ConsoleApp\ConsoleApp.csproj", "{F3E7EAFB-37F5-4B5A-B6F9-40A172C84E1D}"
EndProject
Project("{FAE04EC0-301F-11D3-BF4B-00C04F79EFBC}") = "Chapter3", "Chapter3\Chapter3.csproj", "{F58AC049-5971-43A8-9EF9-90E9DD8C821E}"
EndProject
Project("{FAE04EC0-301F-11D3-BF4B-00C04F79EFBC}") = "Chapter4", "Chapter4\Chapter4.csproj", "{3E750C23-4D05-43BD-8807-568EE277AEB7}"
EndProject
Project("{2150E333-8FDC-42A3-9474-1A3956D46DE8}") = "AspNet", "AspNet", "{1BC03FB9-B5E8-4E54-A44F-B8995437C633}"
EndProject
Project("{2150E333-8FDC-42A3-9474-1A3956D46DE8}") = "Chapter1", "Chapter1", "{B784DB67-FD0F-4F7E-A0C5-E70E9110DD59}"
	ProjectSection(SolutionItems) = preProject
		Notes.txt = Notes.txt
	EndProjectSection
EndProject
Project("{2150E333-8FDC-42A3-9474-1A3956D46DE8}") = "Chapter2", "Chapter2", "{E6691BF5-BFF4-4F00-9356-B5418A59F77E}"
	ProjectSection(SolutionItems) = preProject
		Notes.txt = Notes.txt
	EndProjectSection
EndProject
Project("{2150E333-8FDC-42A3-9474-1A3956D46DE8}") = "Chapter3", "Chapter3", "{2FC0424E-FA8C-4FE2-A602-0822DF84512B}"
	ProjectSection(SolutionItems) = preProject
		Notes.txt = Notes.txt
	EndProjectSection
EndProject
Project("{2150E333-8FDC-42A3-9474-1A3956D46DE8}") = "Chapter4", "Chapter4", "{D82C8B87-15AA-4C30-BA5B-F0A858DA6719}"
	ProjectSection(SolutionItems) = preProject
		Notes.txt = Notes.txt
	EndProjectSection
EndProject
Project("{2150E333-8FDC-42A3-9474-1A3956D46DE8}") = "Chapter5", "Chapter5", "{7DA69D76-E474-49EE-AFC7-7082A12CF1E6}"
	ProjectSection(SolutionItems) = preProject
		Notes.txt = Notes.txt
	EndProjectSection
EndProject
Project("{FAE04EC0-301F-11D3-BF4B-00C04F79EFBC}") = "Aspnet.UI", "AspNet\Aspnet\Aspnet.UI\Aspnet.UI.csproj", "{FEC0E5E3-6968-49C0-B7CE-C03ADC5C919F}"
EndProject
Global
	GlobalSection(SolutionConfigurationPlatforms) = preSolution
		Debug|Any CPU = Debug|Any CPU
		Release|Any CPU = Release|Any CPU
	EndGlobalSection
	GlobalSection(ProjectConfigurationPlatforms) = postSolution
		{685F6E94-E238-4594-814A-CCC693FE2B61}.Debug|Any CPU.ActiveCfg = Debug|Any CPU
		{685F6E94-E238-4594-814A-CCC693FE2B61}.Debug|Any CPU.Build.0 = Debug|Any CPU
		{685F6E94-E238-4594-814A-CCC693FE2B61}.Release|Any CPU.ActiveCfg = Release|Any CPU
		{685F6E94-E238-4594-814A-CCC693FE2B61}.Release|Any CPU.Build.0 = Release|Any CPU
		{540859C6-6351-4C2E-A037-4049041A8964}.Debug|Any CPU.ActiveCfg = Debug|Any CPU
		{540859C6-6351-4C2E-A037-4049041A8964}.Debug|Any CPU.Build.0 = Debug|Any CPU
		{540859C6-6351-4C2E-A037-4049041A8964}.Release|Any CPU.ActiveCfg = Release|Any CPU
		{540859C6-6351-4C2E-A037-4049041A8964}.Release|Any CPU.Build.0 = Release|Any CPU
		{F3E7EAFB-37F5-4B5A-B6F9-40A172C84E1D}.Debug|Any CPU.ActiveCfg = Debug|Any CPU
		{F3E7EAFB-37F5-4B5A-B6F9-40A172C84E1D}.Debug|Any CPU.Build.0 = Debug|Any CPU
		{F3E7EAFB-37F5-4B5A-B6F9-40A172C84E1D}.Release|Any CPU.ActiveCfg = Release|Any CPU
		{F3E7EAFB-37F5-4B5A-B6F9-40A172C84E1D}.Release|Any CPU.Build.0 = Release|Any CPU
		{F58AC049-5971-43A8-9EF9-90E9DD8C821E}.Debug|Any CPU.ActiveCfg = Debug|Any CPU
		{F58AC049-5971-43A8-9EF9-90E9DD8C821E}.Debug|Any CPU.Build.0 = Debug|Any CPU
		{F58AC049-5971-43A8-9EF9-90E9DD8C821E}.Release|Any CPU.ActiveCfg = Release|Any CPU
		{F58AC049-5971-43A8-9EF9-90E9DD8C821E}.Release|Any CPU.Build.0 = Release|Any CPU
		{3E750C23-4D05-43BD-8807-568EE277AEB7}.Debug|Any CPU.ActiveCfg = Debug|Any CPU
		{3E750C23-4D05-43BD-8807-568EE277AEB7}.Debug|Any CPU.Build.0 = Debug|Any CPU
		{3E750C23-4D05-43BD-8807-568EE277AEB7}.Release|Any CPU.ActiveCfg = Release|Any CPU
		{3E750C23-4D05-43BD-8807-568EE277AEB7}.Release|Any CPU.Build.0 = Release|Any CPU
		{FEC0E5E3-6968-49C0-B7CE-C03ADC5C919F}.Debug|Any CPU.ActiveCfg = Debug|Any CPU
		{FEC0E5E3-6968-49C0-B7CE-C03ADC5C919F}.Debug|Any CPU.Build.0 = Debug|Any CPU
		{FEC0E5E3-6968-49C0-B7CE-C03ADC5C919F}.Release|Any CPU.ActiveCfg = Release|Any CPU
		{FEC0E5E3-6968-49C0-B7CE-C03ADC5C919F}.Release|Any CPU.Build.0 = Release|Any CPU
	EndGlobalSection
	GlobalSection(SolutionProperties) = preSolution
		HideSolutionNode = FALSE
	EndGlobalSection
	GlobalSection(NestedProjects) = preSolution
		{F3E7EAFB-37F5-4B5A-B6F9-40A172C84E1D} = {5C5083F9-18EC-48D8-AE75-7581D3BDA96B}
		{B784DB67-FD0F-4F7E-A0C5-E70E9110DD59} = {1BC03FB9-B5E8-4E54-A44F-B8995437C633}
		{E6691BF5-BFF4-4F00-9356-B5418A59F77E} = {1BC03FB9-B5E8-4E54-A44F-B8995437C633}
		{2FC0424E-FA8C-4FE2-A602-0822DF84512B} = {1BC03FB9-B5E8-4E54-A44F-B8995437C633}
		{D82C8B87-15AA-4C30-BA5B-F0A858DA6719} = {1BC03FB9-B5E8-4E54-A44F-B8995437C633}
		{7DA69D76-E474-49EE-AFC7-7082A12CF1E6} = {1BC03FB9-B5E8-4E54-A44F-B8995437C633}
		{FEC0E5E3-6968-49C0-B7CE-C03ADC5C919F} = {1BC03FB9-B5E8-4E54-A44F-B8995437C633}
	EndGlobalSection
	GlobalSection(ExtensibilityGlobals) = postSolution
		SolutionGuid = {C48DD6C5-B06D-42C9-B7D6-0B3780225940}
	EndGlobalSection
EndGlobal
